lockfileVersion: 5.4

specifiers:
  eslint-plugin-vue: ^9.24.0
  eslint-rule-composer: ^0.3.0
  vue-eslint-parser: ^9.4.2

dependencies:
  eslint-plugin-vue: 9.24.0
  eslint-rule-composer: 0.3.0
  vue-eslint-parser: 9.4.2

packages:

  /@eslint-community/eslint-utils/4.4.0:
    resolution: {integrity: sha512-1/sA4dwrzBAyeUoQ6oxahHKmrZvsnLCg4RfxW3ZFGGmQkSNQPFNLV9CUEFQP1x9EYXHTo5p6xdhZM1Ne9p/AfA==}
    engines: {node: ^12.22.0 || ^14.17.0 || >=16.0.0}
    peerDependencies:
      eslint: ^6.0.0 || ^7.0.0 || >=8.0.0
    dependencies:
      eslint-visitor-keys: 3.4.3
    dev: false

  /acorn-jsx/5.3.2_acorn@8.11.3:
    resolution: {integrity: sha512-rq9s+JNhf0IChjtDXxllJ7g41oZk5SlXtp0LHwyA5cejwn7vKmKp4pPri6YEePv2PU65sAsegbXtIinmDFDXgQ==}
    peerDependencies:
      acorn: ^6.0.0 || ^7.0.0 || ^8.0.0
    dependencies:
      acorn: 8.11.3
    dev: false

  /acorn/8.11.3:
    resolution: {integrity: sha512-Y9rRfJG5jcKOE0CLisYbojUjIrIEE7AGMzA/Sm4BslANhbS+cDMpgBdcPT91oJ7OuJ9hYJBx59RjbhxVnrF8Xg==}
    engines: {node: '>=0.4.0'}
    hasBin: true
    dev: false

  /boolbase/1.0.0:
    resolution: {integrity: sha512-JZOSA7Mo9sNGB8+UjSgzdLtokWAky1zbztM3WRLCbZ70/3cTANmQmOdR7y2g+J0e2WXywy1yS468tY+IruqEww==}
    dev: false

  /cssesc/3.0.0:
    resolution: {integrity: sha512-/Tb/JcjK111nNScGob5MNtsntNM1aCNUDipB/TkwZFhyDrrE47SOx/18wF2bbjgc3ZzCSKW1T5nt5EbFoAz/Vg==}
    engines: {node: '>=4'}
    hasBin: true
    dev: false

  /debug/4.3.4:
    resolution: {integrity: sha512-PRWFHuSU3eDtQJPvnNY7Jcket1j0t5OuOsFzPPzsekD52Zl8qUfFIPEiswXqIvHWGVHOgX+7G/vCNNhehwxfkQ==}
    engines: {node: '>=6.0'}
    peerDependencies:
      supports-color: '*'
    peerDependenciesMeta:
      supports-color:
        optional: true
    dependencies:
      ms: 2.1.2
    dev: false

  /eslint-plugin-vue/9.24.0:
    resolution: {integrity: sha512-9SkJMvF8NGMT9aQCwFc5rj8Wo1XWSMSHk36i7ZwdI614BU7sIOR28ZjuFPKp8YGymZN12BSEbiSwa7qikp+PBw==}
    engines: {node: ^14.17.0 || >=16.0.0}
    peerDependencies:
      eslint: ^6.2.0 || ^7.0.0 || ^8.0.0
    dependencies:
      '@eslint-community/eslint-utils': 4.4.0
      globals: 13.24.0
      natural-compare: 1.4.0
      nth-check: 2.1.1
      postcss-selector-parser: 6.0.16
      semver: 7.6.0
      vue-eslint-parser: 9.4.2
      xml-name-validator: 4.0.0
    transitivePeerDependencies:
      - supports-color
    dev: false

  /eslint-rule-composer/0.3.0:
    resolution: {integrity: sha512-bt+Sh8CtDmn2OajxvNO+BX7Wn4CIWMpTRm3MaiKPCQcnnlm0CS2mhui6QaoeQugs+3Kj2ESKEEGJUdVafwhiCg==}
    engines: {node: '>=4.0.0'}
    dev: false

  /eslint-scope/7.2.2:
    resolution: {integrity: sha512-dOt21O7lTMhDM+X9mB4GX+DZrZtCUJPL/wlcTqxyrx5IvO0IYtILdtrQGQp+8n5S0gwSVmOf9NQrjMOgfQZlIg==}
    engines: {node: ^12.22.0 || ^14.17.0 || >=16.0.0}
    dependencies:
      esrecurse: 4.3.0
      estraverse: 5.3.0
    dev: false

  /eslint-visitor-keys/3.4.3:
    resolution: {integrity: sha512-wpc+LXeiyiisxPlEkUzU6svyS1frIO3Mgxj1fdy7Pm8Ygzguax2N3Fa/D/ag1WqbOprdI+uY6wMUl8/a2G+iag==}
    engines: {node: ^12.22.0 || ^14.17.0 || >=16.0.0}
    dev: false

  /espree/9.6.1:
    resolution: {integrity: sha512-oruZaFkjorTpF32kDSI5/75ViwGeZginGGy2NoOSg3Q9bnwlnmDm4HLnkl0RE3n+njDXR037aY1+x58Z/zFdwQ==}
    engines: {node: ^12.22.0 || ^14.17.0 || >=16.0.0}
    dependencies:
      acorn: 8.11.3
      acorn-jsx: 5.3.2_acorn@8.11.3
      eslint-visitor-keys: 3.4.3
    dev: false

  /esquery/1.5.0:
    resolution: {integrity: sha512-YQLXUplAwJgCydQ78IMJywZCceoqk1oH01OERdSAJc/7U2AylwjhSCLDEtqwg811idIS/9fIU5GjG73IgjKMVg==}
    engines: {node: '>=0.10'}
    dependencies:
      estraverse: 5.3.0
    dev: false

  /esrecurse/4.3.0:
    resolution: {integrity: sha512-KmfKL3b6G+RXvP8N1vr3Tq1kL/oCFgn2NYXEtqP8/L3pKapUA4G8cFVaoF3SU323CD4XypR/ffioHmkti6/Tag==}
    engines: {node: '>=4.0'}
    dependencies:
      estraverse: 5.3.0
    dev: false

  /estraverse/5.3.0:
    resolution: {integrity: sha512-MMdARuVEQziNTeJD8DgMqmhwR11BRQ/cBP+pLtYdSTnf3MIO8fFeiINEbX36ZdNlfU/7A9f3gUw49B3oQsvwBA==}
    engines: {node: '>=4.0'}
    dev: false

  /globals/13.24.0:
    resolution: {integrity: sha512-AhO5QUcj8llrbG09iWhPU2B204J1xnPeL8kQmVorSsy+Sjj1sk8gIyh6cUocGmH4L0UuhAJy+hJMRA4mgA4mFQ==}
    engines: {node: '>=8'}
    dependencies:
      type-fest: 0.20.2
    dev: false

  /lodash/4.17.21:
    resolution: {integrity: sha512-v2kDEe57lecTulaDIuNTPy3Ry4gLGJ6Z1O3vE1krgXZNrsQ+LFTGHVxVjcXPs17LhbZVGedAJv8XZ1tvj5FvSg==}
    dev: false

  /lru-cache/6.0.0:
    resolution: {integrity: sha512-Jo6dJ04CmSjuznwJSS3pUeWmd/H0ffTlkXXgwZi+eq1UCmqQwCh+eLsYOYCwY991i2Fah4h1BEMCx4qThGbsiA==}
    engines: {node: '>=10'}
    dependencies:
      yallist: 4.0.0
    dev: false

  /ms/2.1.2:
    resolution: {integrity: sha512-sGkPx+VjMtmA6MX27oA4FBFELFCZZ4S4XqeGOXCv68tT+jb3vk/RyaKWP0PTKyWtmLSM0b+adUTEvbs1PEaH2w==}
    dev: false

  /natural-compare/1.4.0:
    resolution: {integrity: sha512-OWND8ei3VtNC9h7V60qff3SVobHr996CTwgxubgyQYEpg290h9J0buyECNNJexkFm5sOajh5G116RYA1c8ZMSw==}
    dev: false

  /nth-check/2.1.1:
    resolution: {integrity: sha512-lqjrjmaOoAnWfMmBPL+XNnynZh2+swxiX3WUE0s4yEHI6m+AwrK2UZOimIRl3X/4QctVqS8AiZjFqyOGrMXb/w==}
    dependencies:
      boolbase: 1.0.0
    dev: false

  /postcss-selector-parser/6.0.16:
    resolution: {integrity: sha512-A0RVJrX+IUkVZbW3ClroRWurercFhieevHB38sr2+l9eUClMqome3LmEmnhlNy+5Mr2EYN6B2Kaw9wYdd+VHiw==}
    engines: {node: '>=4'}
    dependencies:
      cssesc: 3.0.0
      util-deprecate: 1.0.2
    dev: false

  /semver/7.6.0:
    resolution: {integrity: sha512-EnwXhrlwXMk9gKu5/flx5sv/an57AkRplG3hTK68W7FRDN+k+OWBj65M7719OkA82XLBxrcX0KSHj+X5COhOVg==}
    engines: {node: '>=10'}
    hasBin: true
    dependencies:
      lru-cache: 6.0.0
    dev: false

  /type-fest/0.20.2:
    resolution: {integrity: sha512-Ne+eE4r0/iWnpAxD852z3A+N0Bt5RN//NjJwRd2VFHEmrywxf5vsZlh4R6lixl6B+wz/8d+maTSAkN1FIkI3LQ==}
    engines: {node: '>=10'}
    dev: false

  /util-deprecate/1.0.2:
    resolution: {integrity: sha512-EPD5q1uXyFxJpCrLnCc1nHnq3gOa6DZBocAIiI2TaSCA7VCJ1UJDMagCzIkXNsUYfD1daK//LTEQ8xiIbrHtcw==}
    dev: false

  /vue-eslint-parser/9.4.2:
    resolution: {integrity: sha512-Ry9oiGmCAK91HrKMtCrKFWmSFWvYkpGglCeFAIqDdr9zdXmMMpJOmUJS7WWsW7fX81h6mwHmUZCQQ1E0PkSwYQ==}
    engines: {node: ^14.17.0 || >=16.0.0}
    peerDependencies:
      eslint: '>=6.0.0'
    dependencies:
      debug: 4.3.4
      eslint-scope: 7.2.2
      eslint-visitor-keys: 3.4.3
      espree: 9.6.1
      esquery: 1.5.0
      lodash: 4.17.21
      semver: 7.6.0
    transitivePeerDependencies:
      - supports-color
    dev: false

  /xml-name-validator/4.0.0:
    resolution: {integrity: sha512-ICP2e+jsHvAj2E2lIHxa5tjXRlKDJo4IdvPvCXbXQGdzSfmSpNVyIKMvoZHjDY9DP0zV17iI85o90vRFXNccRw==}
    engines: {node: '>=12'}
    dev: false

  /yallist/4.0.0:
    resolution: {integrity: sha512-3wdGidZyq5PB084XLES5TpOSRA3wjXAlIWMhum2kRcv/41Sn2emQ0dycQW4uZXLejwKvg6EsvbdlVL+FYEct7A==}
    dev: false
